
Microsoft Visual Studio Solution File, Format Version 12.00
# Visual Studio Version 16
VisualStudioVersion = 25.0.1704.3
MinimumVisualStudioVersion = 10.0.40219.1
Project("{FAE04EC0-301F-11D3-BF4B-00C04F79EFBC}") = "Test Battle App", "Test Battle App.csproj", "{346482D8-85A4-49E6-845A-E43BAA0EB78B}"
EndProject
Global
	GlobalSection(SolutionConfigurationPlatforms) = preSolution
		Debug|Any CPU = Debug|Any CPU
		Release|Any CPU = Release|Any CPU
	EndGlobalSection
	GlobalSection(ProjectConfigurationPlatforms) = postSolution
		{346482D8-85A4-49E6-845A-E43BAA0EB78B}.Debug|Any CPU.ActiveCfg = Debug|Any CPU
		{346482D8-85A4-49E6-845A-E43BAA0EB78B}.Debug|Any CPU.Build.0 = Debug|Any CPU
		{346482D8-85A4-49E6-845A-E43BAA0EB78B}.Release|Any CPU.ActiveCfg = Release|Any CPU
		{346482D8-85A4-49E6-845A-E43BAA0EB78B}.Release|Any CPU.Build.0 = Release|Any CPU
	EndGlobalSection
	GlobalSection(SolutionProperties) = preSolution
		HideSolutionNode = FALSE
	EndGlobalSection
	GlobalSection(ExtensibilityGlobals) = postSolution
		SolutionGuid = {AEE20928-2EAA-49FB-89C1-CEF8CB1231FD}
	EndGlobalSection
EndGlobal
